
Microsoft Visual Studio Solution File, Format Version 12.00
# Visual Studio Version 16
VisualStudioVersion = 16.0.34031.81
MinimumVisualStudioVersion = 10.0.40219.1
Project("{2150E333-8FDC-42A3-9474-1A3956D46DE8}") = "Task0", "Task0", "{53442274-B526-49CF-8E56-DAFB19A67EE2}"
EndProject
Project("{FAE04EC0-301F-11D3-BF4B-00C04F79EFBC}") = "Tyuiu.ShabanovMS.Sprint0.Task0.V0", "Tyuiu.ShabanovMS.Sprint0.Task0.V0\Tyuiu.ShabanovMS.Sprint0.Task0.V0.csproj", "{4A836A26-0DC9-4966-92ED-F4FA7B486F9B}"
EndProject
Project("{2150E333-8FDC-42A3-9474-1A3956D46DE8}") = "Task1", "Task1", "{C15135A9-789D-4B50-8F99-B60787935921}"
EndProject
Project("{FAE04EC0-301F-11D3-BF4B-00C04F79EFBC}") = "Tyuiu.ShabanovMS.Sprint0.Task1.V0", "Tyuiu.ShabanovMS.Sprint0.Task1.V0\Tyuiu.ShabanovMS.Sprint0.Task1.V0.csproj", "{8973078E-2725-4572-A332-3BB63E4C8049}"
EndProject
Project("{2150E333-8FDC-42A3-9474-1A3956D46DE8}") = "Task2", "Task2", "{DF898E0D-C6A8-4208-AE84-C2C39A155C33}"
EndProject
Project("{FAE04EC0-301F-11D3-BF4B-00C04F79EFBC}") = "Tyuiu.ShabanovMS.Sprint0.Task2.V0", "Tyuiu.ShabanovMS.Sprint0.Task2.V0\Tyuiu.ShabanovMS.Sprint0.Task2.V0.csproj", "{F911D5A2-6812-49A5-A245-F81CF708DC0E}"
EndProject
Project("{FAE04EC0-301F-11D3-BF4B-00C04F79EFBC}") = "Tyuiu.ShabanovMS.Sprint0.Task2.V0.Lib", "Tyuiu.ShabanovMS.Sprint0.Task2.V0.Lib\Tyuiu.ShabanovMS.Sprint0.Task2.V0.Lib.csproj", "{B7CC9E75-E5F6-4A8C-B797-F8EF2DD80659}"
EndProject
Project("{FAE04EC0-301F-11D3-BF4B-00C04F79EFBC}") = "Tyuiu.ShabanovMS.Sprint0.Task2.V0.Test", "Tyuiu.ShabanovMS.Sprint0.Task2.V0.Test\Tyuiu.ShabanovMS.Sprint0.Task2.V0.Test.csproj", "{536FFD24-77E8-4557-97EE-EF6CE42A2408}"
EndProject
Project("{2150E333-8FDC-42A3-9474-1A3956D46DE8}") = "Task3", "Task3", "{D6F53987-068B-460C-BB60-41EC3644E02C}"
EndProject
Project("{FAE04EC0-301F-11D3-BF4B-00C04F79EFBC}") = "Tyuiu.ShabanovMS.Sprint0.Task3.V0.Test", "Tyuiu.ShabanovMS.Sprint0.Task3.V0.Test\Tyuiu.ShabanovMS.Sprint0.Task3.V0.Test.csproj", "{B0B1B4B1-240A-48E8-8C5D-4ECA87BE2D8B}"
EndProject
Project("{FAE04EC0-301F-11D3-BF4B-00C04F79EFBC}") = "Tyuiu.ShabanovMS.Sprint0.Task3.V0.Lib", "Tyuiu.ShabanovMS.Sprint0.Task3.V0.Lib\Tyuiu.ShabanovMS.Sprint0.Task3.V0.Lib.csproj", "{7E1ADE55-3542-468B-BBA9-9D3FCB0EA5BB}"
EndProject
Project("{FAE04EC0-301F-11D3-BF4B-00C04F79EFBC}") = "Tyuiu.ShabanovMS.Sprint0.Task3.V0", "Tyuiu.ShabanovMS.Sprint0.Task3.V0\Tyuiu.ShabanovMS.Sprint0.Task3.V0.csproj", "{96A6C626-39E9-41EA-8C50-B922A1451EFC}"
EndProject
Project("{2150E333-8FDC-42A3-9474-1A3956D46DE8}") = "Task4", "Task4", "{F6E9D439-9E74-4D64-9C70-EABEE5BE5ED9}"
EndProject
Project("{FAE04EC0-301F-11D3-BF4B-00C04F79EFBC}") = "Tyuiu.ShabanovMS.Sprint0.Task4.V0", "Tyuiu.ShabanovMS.Sprint0.Task4.V0\Tyuiu.ShabanovMS.Sprint0.Task4.V0.csproj", "{E8D20083-E984-4E16-BE60-D76296A0E379}"
EndProject
Project("{FAE04EC0-301F-11D3-BF4B-00C04F79EFBC}") = "Tyuiu.ShabanovMS.Sprint0.Task4.V0.Lib", "Tyuiu.ShabanovMS.Sprint0.Task4.V0.Lib\Tyuiu.ShabanovMS.Sprint0.Task4.V0.Lib.csproj", "{258D4D79-BF38-4DB7-896F-0F5056F77999}"
EndProject
Project("{FAE04EC0-301F-11D3-BF4B-00C04F79EFBC}") = "Tyuiu.ShabanovMS.Sprint0.Task4.V0.Test", "Tyuiu.ShabanovMS.Sprint0.Task4.V0.Test\Tyuiu.ShabanovMS.Sprint0.Task4.V0.Test.csproj", "{0006E248-006A-461D-BD55-0A564648DD2D}"
EndProject
Global
	GlobalSection(SolutionConfigurationPlatforms) = preSolution
		Debug|Any CPU = Debug|Any CPU
		Release|Any CPU = Release|Any CPU
	EndGlobalSection
	GlobalSection(ProjectConfigurationPlatforms) = postSolution
		{4A836A26-0DC9-4966-92ED-F4FA7B486F9B}.Debug|Any CPU.ActiveCfg = Debug|Any CPU
		{4A836A26-0DC9-4966-92ED-F4FA7B486F9B}.Debug|Any CPU.Build.0 = Debug|Any CPU
		{4A836A26-0DC9-4966-92ED-F4FA7B486F9B}.Release|Any CPU.ActiveCfg = Release|Any CPU
		{4A836A26-0DC9-4966-92ED-F4FA7B486F9B}.Release|Any CPU.Build.0 = Release|Any CPU
		{8973078E-2725-4572-A332-3BB63E4C8049}.Debug|Any CPU.ActiveCfg = Debug|Any CPU
		{8973078E-2725-4572-A332-3BB63E4C8049}.Debug|Any CPU.Build.0 = Debug|Any CPU
		{8973078E-2725-4572-A332-3BB63E4C8049}.Release|Any CPU.ActiveCfg = Release|Any CPU
		{8973078E-2725-4572-A332-3BB63E4C8049}.Release|Any CPU.Build.0 = Release|Any CPU
		{F911D5A2-6812-49A5-A245-F81CF708DC0E}.Debug|Any CPU.ActiveCfg = Debug|Any CPU
		{F911D5A2-6812-49A5-A245-F81CF708DC0E}.Debug|Any CPU.Build.0 = Debug|Any CPU
		{F911D5A2-6812-49A5-A245-F81CF708DC0E}.Release|Any CPU.ActiveCfg = Release|Any CPU
		{F911D5A2-6812-49A5-A245-F81CF708DC0E}.Release|Any CPU.Build.0 = Release|Any CPU
		{B7CC9E75-E5F6-4A8C-B797-F8EF2DD80659}.Debug|Any CPU.ActiveCfg = Debug|Any CPU
		{B7CC9E75-E5F6-4A8C-B797-F8EF2DD80659}.Debug|Any CPU.Build.0 = Debug|Any CPU
		{B7CC9E75-E5F6-4A8C-B797-F8EF2DD80659}.Release|Any CPU.ActiveCfg = Release|Any CPU
		{B7CC9E75-E5F6-4A8C-B797-F8EF2DD80659}.Release|Any CPU.Build.0 = Release|Any CPU
		{536FFD24-77E8-4557-97EE-EF6CE42A2408}.Debug|Any CPU.ActiveCfg = Debug|Any CPU
		{536FFD24-77E8-4557-97EE-EF6CE42A2408}.Debug|Any CPU.Build.0 = Debug|Any CPU
		{536FFD24-77E8-4557-97EE-EF6CE42A2408}.Release|Any CPU.ActiveCfg = Release|Any CPU
		{536FFD24-77E8-4557-97EE-EF6CE42A2408}.Release|Any CPU.Build.0 = Release|Any CPU
		{B0B1B4B1-240A-48E8-8C5D-4ECA87BE2D8B}.Debug|Any CPU.ActiveCfg = Debug|Any CPU
		{B0B1B4B1-240A-48E8-8C5D-4ECA87BE2D8B}.Debug|Any CPU.Build.0 = Debug|Any CPU
		{B0B1B4B1-240A-48E8-8C5D-4ECA87BE2D8B}.Release|Any CPU.ActiveCfg = Release|Any CPU
		{B0B1B4B1-240A-48E8-8C5D-4ECA87BE2D8B}.Release|Any CPU.Build.0 = Release|Any CPU
		{7E1ADE55-3542-468B-BBA9-9D3FCB0EA5BB}.Debug|Any CPU.ActiveCfg = Debug|Any CPU
		{7E1ADE55-3542-468B-BBA9-9D3FCB0EA5BB}.Debug|Any CPU.Build.0 = Debug|Any CPU
		{7E1ADE55-3542-468B-BBA9-9D3FCB0EA5BB}.Release|Any CPU.ActiveCfg = Release|Any CPU
		{7E1ADE55-3542-468B-BBA9-9D3FCB0EA5BB}.Release|Any CPU.Build.0 = Release|Any CPU
		{96A6C626-39E9-41EA-8C50-B922A1451EFC}.Debug|Any CPU.ActiveCfg = Debug|Any CPU
		{96A6C626-39E9-41EA-8C50-B922A1451EFC}.Debug|Any CPU.Build.0 = Debug|Any CPU
		{96A6C626-39E9-41EA-8C50-B922A1451EFC}.Release|Any CPU.ActiveCfg = Release|Any CPU
		{96A6C626-39E9-41EA-8C50-B922A1451EFC}.Release|Any CPU.Build.0 = Release|Any CPU
		{E8D20083-E984-4E16-BE60-D76296A0E379}.Debug|Any CPU.ActiveCfg = Debug|Any CPU
		{E8D20083-E984-4E16-BE60-D76296A0E379}.Debug|Any CPU.Build.0 = Debug|Any CPU
		{E8D20083-E984-4E16-BE60-D76296A0E379}.Release|Any CPU.ActiveCfg = Release|Any CPU
		{E8D20083-E984-4E16-BE60-D76296A0E379}.Release|Any CPU.Build.0 = Release|Any CPU
		{258D4D79-BF38-4DB7-896F-0F5056F77999}.Debug|Any CPU.ActiveCfg = Debug|Any CPU
		{258D4D79-BF38-4DB7-896F-0F5056F77999}.Debug|Any CPU.Build.0 = Debug|Any CPU
		{258D4D79-BF38-4DB7-896F-0F5056F77999}.Release|Any CPU.ActiveCfg = Release|Any CPU
		{258D4D79-BF38-4DB7-896F-0F5056F77999}.Release|Any CPU.Build.0 = Release|Any CPU
		{0006E248-006A-461D-BD55-0A564648DD2D}.Debug|Any CPU.ActiveCfg = Debug|Any CPU
		{0006E248-006A-461D-BD55-0A564648DD2D}.Debug|Any CPU.Build.0 = Debug|Any CPU
		{0006E248-006A-461D-BD55-0A564648DD2D}.Release|Any CPU.ActiveCfg = Release|Any CPU
		{0006E248-006A-461D-BD55-0A564648DD2D}.Release|Any CPU.Build.0 = Release|Any CPU
	EndGlobalSection
	GlobalSection(SolutionProperties) = preSolution
		HideSolutionNode = FALSE
	EndGlobalSection
	GlobalSection(NestedProjects) = preSolution
		{4A836A26-0DC9-4966-92ED-F4FA7B486F9B} = {53442274-B526-49CF-8E56-DAFB19A67EE2}
		{8973078E-2725-4572-A332-3BB63E4C8049} = {C15135A9-789D-4B50-8F99-B60787935921}
		{F911D5A2-6812-49A5-A245-F81CF708DC0E} = {DF898E0D-C6A8-4208-AE84-C2C39A155C33}
		{B7CC9E75-E5F6-4A8C-B797-F8EF2DD80659} = {DF898E0D-C6A8-4208-AE84-C2C39A155C33}
		{536FFD24-77E8-4557-97EE-EF6CE42A2408} = {DF898E0D-C6A8-4208-AE84-C2C39A155C33}
		{B0B1B4B1-240A-48E8-8C5D-4ECA87BE2D8B} = {D6F53987-068B-460C-BB60-41EC3644E02C}
		{7E1ADE55-3542-468B-BBA9-9D3FCB0EA5BB} = {D6F53987-068B-460C-BB60-41EC3644E02C}
		{96A6C626-39E9-41EA-8C50-B922A1451EFC} = {D6F53987-068B-460C-BB60-41EC3644E02C}
		{E8D20083-E984-4E16-BE60-D76296A0E379} = {F6E9D439-9E74-4D64-9C70-EABEE5BE5ED9}
		{258D4D79-BF38-4DB7-896F-0F5056F77999} = {F6E9D439-9E74-4D64-9C70-EABEE5BE5ED9}
		{0006E248-006A-461D-BD55-0A564648DD2D} = {F6E9D439-9E74-4D64-9C70-EABEE5BE5ED9}
	EndGlobalSection
	GlobalSection(ExtensibilityGlobals) = postSolution
		SolutionGuid = {7ADFC019-17D0-42C6-8F5A-74891C1D2A47}
	EndGlobalSection
EndGlobal
